
Microsoft Visual Studio Solution File, Format Version 12.00
# Visual Studio Version 17
VisualStudioVersion = 17.8.34330.188
MinimumVisualStudioVersion = 10.0.40219.1
Project("{FAE04EC0-301F-11D3-BF4B-00C04F79EFBC}") = "Car-Rental", "Car-Rental\Car-Rental.csproj", "{751F3588-CE9A-4DF6-B4BD-84528F9317D2}"
EndProject
Global
	GlobalSection(SolutionConfigurationPlatforms) = preSolution
		Debug|Any CPU = Debug|Any CPU
		Release|Any CPU = Release|Any CPU
	EndGlobalSection
	GlobalSection(ProjectConfigurationPlatforms) = postSolution
		{751F3588-CE9A-4DF6-B4BD-84528F9317D2}.Debug|Any CPU.ActiveCfg = Debug|Any CPU
		{751F3588-CE9A-4DF6-B4BD-84528F9317D2}.Debug|Any CPU.Build.0 = Debug|Any CPU
		{751F3588-CE9A-4DF6-B4BD-84528F9317D2}.Release|Any CPU.ActiveCfg = Release|Any CPU
		{751F3588-CE9A-4DF6-B4BD-84528F9317D2}.Release|Any CPU.Build.0 = Release|Any CPU
	EndGlobalSection
	GlobalSection(SolutionProperties) = preSolution
		HideSolutionNode = FALSE
	EndGlobalSection
	GlobalSection(ExtensibilityGlobals) = postSolution
		SolutionGuid = {17D53427-EA4F-4014-AB95-EB71E6F0C62A}
	EndGlobalSection
EndGlobal
